{
    "name": "calculate-qr-totp-at-time",
    "version": "1.0.0",
    "lockfileVersion": 3,
    "requires": true,
    "packages": {
        "": {
            "name": "calculate-qr-totp-at-time",
            "version": "1.0.0",
            "license": "ISC",
            "dependencies": {
                "totp-generator": "^0.0.14"
            }
        },
        "node_modules/jssha": {
            "version": "3.3.1",
            "resolved": "https://registry.npmjs.org/jssha/-/jssha-3.3.1.tgz",
            "integrity": "sha512-VCMZj12FCFMQYcFLPRm/0lOBbLi8uM2BhXPTqw3U4YAfs4AZfiApOoBLoN8cQE60Z50m1MYMTQVCfgF/KaCVhQ==",
            "engines": {
                "node": "*"
            }
        },
        "node_modules/totp-generator": {
            "version": "0.0.14",
            "resolved": "https://registry.npmjs.org/totp-generator/-/totp-generator-0.0.14.tgz",
            "integrity": "sha512-vFZ8N2TdF4mCj8bUW460jI73LqS+JKccsZ8cttQSuXa3dkTmZo8q81Pq2yAuiPxCI5fPfUrfaKuU+7adjx5s4w==",
            "dependencies": {
                "jssha": "^3.1.2"
            }
        }
    }
}
